{
  "name": "webmcp-readiness",
  "version": "0.1.0",
  "lockfileVersion": 3,
  "requires": true,
  "packages": {
    "": {
      "name": "webmcp-readiness",
      "version": "0.1.0",
      "license": "MIT",
      "dependencies": {
        "@mcp-b/global": "^5.1.0",
        "playwright": "^1.63.0"
      },
      "devDependencies": {
        "@vercel/ncc": "^0.45.0"
      }
    },
    "node_modules/@mcp-b/global": {
      "version": "5.1.0",
      "resolved": "https://registry.npmjs.org/@mcp-b/global/-/global-5.1.0.tgz",
      "integrity": "sha512-svEHmo31XhPluoA5HJ+F2jGQ+O6Cx7Kpo6dFgI/pGC1g0knvrMOAq9Wb2+9fJycgOFqKcMsYAvM7qTusY5lmsQ==",
      "license": "MIT",
      "dependencies": {
        "@mcp-b/transports": "5.1.0",
        "@mcp-b/webmcp-polyfill": "5.1.0",
        "@mcp-b/webmcp-ts-sdk": "5.1.0",
        "@mcp-b/webmcp-types": "5.1.0",
        "@modelcontextprotocol/server": "2.0.0"
      },
      "engines": {
        "node": ">=20"
      }
    },
    "node_modules/@mcp-b/transports": {
      "version": "5.1.0",
      "resolved": "https://registry.npmjs.org/@mcp-b/transports/-/transports-5.1.0.tgz",
      "integrity": "sha512-x+Czu2ZcUaLuiVAzViFMfno2NwPkHIfmUVYP3VeCa0tbAuZ8jRPrgboUuk86bVF0FI3qZ8u7OX7UUR3WmwVsKw==",
      "license": "MIT",
      "dependencies": {
        "@modelcontextprotocol/core": "2.0.0",
        "@modelcontextprotocol/server": "2.0.0"
      },
      "engines": {
        "node": ">=20"
      }
    },
    "node_modules/@mcp-b/webmcp-polyfill": {
      "version": "5.1.0",
      "resolved": "https://registry.npmjs.org/@mcp-b/webmcp-polyfill/-/webmcp-polyfill-5.1.0.tgz",
      "integrity": "sha512-KL09hniFssPY8HBO3qzurWPqm+1JYRwV3wx6x2XSySgo+6BL1XHGsHGIoAO7U9zzigv7TA5keNBoZ+3P1jq18g==",
      "license": "MIT",
      "dependencies": {
        "@mcp-b/webmcp-types": "5.1.0",
        "@standard-schema/spec": "^1.1.0"
      },
      "engines": {
        "node": ">=20"
      }
    },
    "node_modules/@mcp-b/webmcp-ts-sdk": {
      "version": "5.1.0",
      "resolved": "https://registry.npmjs.org/@mcp-b/webmcp-ts-sdk/-/webmcp-ts-sdk-5.1.0.tgz",
      "integrity": "sha512-iCR6Vzz6zpoWW2w0NRidlxw54mH0a/HhseCAzVaZsPjPm5o2VMQ+AJbZlFoYnNwCiqMFrba9/OQO33xO2RdNGQ==",
      "license": "MIT",
      "dependencies": {
        "@mcp-b/webmcp-polyfill": "5.1.0",
        "@mcp-b/webmcp-types": "5.1.0",
        "@modelcontextprotocol/server": "2.0.0"
      },
      "engines": {
        "node": ">=20"
      }
    },
    "node_modules/@mcp-b/webmcp-types": {
      "version": "5.1.0",
      "resolved": "https://registry.npmjs.org/@mcp-b/webmcp-types/-/webmcp-types-5.1.0.tgz",
      "integrity": "sha512-twOKDUr7al60K890HvRcNvoHSfQ2rnGeKJiQs6eUr+Leg+LQ6K+yz3F4K70jykMK1a09ZIgYb3Oc7mAypuKPig==",
      "license": "MIT",
      "dependencies": {
        "@modelcontextprotocol/server": "2.0.0"
      },
      "engines": {
        "node": ">=20"
      }
    },
    "node_modules/@modelcontextprotocol/core": {
      "version": "2.0.0",
      "resolved": "https://registry.npmjs.org/@modelcontextprotocol/core/-/core-2.0.0.tgz",
      "integrity": "sha512-pJCEwGG7Lfr/+PQp9ZTwKXNeO5wzbfKL7H3MYpCorM4oFBoQrdjnBgEoqG+RjhsvS1FKrDbKux+M1HhlnGWqcA==",
      "license": "MIT",
      "dependencies": {
        "zod": "^4.2.0"
      },
      "engines": {
        "node": ">=20"
      }
    },
    "node_modules/@modelcontextprotocol/server": {
      "version": "2.0.0",
      "resolved": "https://registry.npmjs.org/@modelcontextprotocol/server/-/server-2.0.0.tgz",
      "integrity": "sha512-YhHWdHfpFMQfd0prsEnxKeS3Qz3ytIGmsS0sth4KDjnacIT7hxk6hXHkJ9KysxlkvTM+WZAtQbbcUhdoP4Hvtw==",
      "license": "MIT",
      "dependencies": {
        "@modelcontextprotocol/core": "2.0.0",
        "zod": "^4.2.0"
      },
      "engines": {
        "node": ">=20"
      }
    },
    "node_modules/@standard-schema/spec": {
      "version": "1.1.0",
      "resolved": "https://registry.npmjs.org/@standard-schema/spec/-/spec-1.1.0.tgz",
      "integrity": "sha512-l2aFy5jALhniG5HgqrD6jXLi/rUWrKvqN/qJx6yoJsgKhblVd+iqqU4RCXavm/jPityDo5TCvKMnpjKnOriy0w==",
      "license": "MIT"
    },
    "node_modules/@vercel/ncc": {
      "version": "0.45.0",
      "resolved": "https://registry.npmjs.org/@vercel/ncc/-/ncc-0.45.0.tgz",
      "integrity": "sha512-8zPi1yO2mHpoKTD+e+Bf0ZT3e+sWHSOyGapm9s7b5R0gxJi3CiFTqmeQiMEyu6ejrz2s09M8JkEoUaTWjBJPQQ==",
      "dev": true,
      "license": "MIT",
      "bin": {
        "ncc": "dist/ncc/cli.js"
      }
    },
    "node_modules/playwright": {
      "version": "1.63.0",
      "resolved": "https://registry.npmjs.org/playwright/-/playwright-1.63.0.tgz",
      "integrity": "sha512-+7ziBLidS4NaNCdt57SUDT+wYmmd5fmiQejUic/kb+YsYSCPyOOE9sebzMjNmQrsnNpDJqd4WHvV/8lfKfUDUg==",
      "license": "Apache-2.0",
      "dependencies": {
        "playwright-core": "1.63.0"
      },
      "bin": {
        "playwright": "cli.js"
      },
      "engines": {
        "node": ">=20"
      }
    },
    "node_modules/playwright-core": {
      "version": "1.63.0",
      "resolved": "https://registry.npmjs.org/playwright-core/-/playwright-core-1.63.0.tgz",
      "integrity": "sha512-rYCsBF/M5HjUch52bbtVONEFjv6Xu8sm8h72dNlR5bzIE1fvC/bxgspzkjSfU+MweEMmPM8KJebG6nnyxo5mCg==",
      "license": "Apache-2.0",
      "bin": {
        "playwright-core": "cli.js"
      },
      "engines": {
        "node": ">=20"
      }
    },
    "node_modules/zod": {
      "version": "4.6.5",
      "resolved": "https://registry.npmjs.org/zod/-/zod-4.6.5.tgz",
      "integrity": "sha512-v5l/aFXZQeai4awLbOpSoHecE9UiMrnfx75tEXLjNonXVARxQ5mOeipTjROUchszUNCqnE+hqAMujRsRHsut2Q==",
      "license": "MIT",
      "funding": {
        "url": "https://github.com/sponsors/colinhacks"
      }
    }
  }
}
